{
  "version": 4,
  "terraform_version": "1.0.3",
  "serial": 3,
  "lineage": "c06da4cb-aee4-00d6-39a6-eca9fca9d8db",
  "outputs": {},
  "resources": [
    {
      "mode": "managed",
      "type": "aws_elastic_beanstalk_application",
      "name": "aplication",
      "provider": "provider[\"registry.terraform.io/hashicorp/aws\"]",
      "instances": [
        {
          "schema_version": 0,
          "attributes": {
            "appversion_lifecycle": [],
            "arn": "arn:aws:elasticbeanstalk:us-east-2:798616997032:application/sw3",
            "description": "",
            "id": "sw3",
            "name": "sw3",
            "tags": null,
            "tags_all": {}
          },
          "sensitive_attributes": [],
          "private": "bnVsbA=="
        }
      ]
    }
  ]
}
